
Microsoft Visual Studio Solution File, Format Version 12.00
# Visual Studio Version 17
VisualStudioVersion = 17.9.34728.123
MinimumVisualStudioVersion = 10.0.40219.1
Project("{9A19103F-16F7-4668-BE54-9A1E7A4F7556}") = "QuantConnect.TradeStationBrokerage", "QuantConnect.TradeStationBrokerage\QuantConnect.TradeStationBrokerage.csproj", "{7C447DDD-D30D-46C3-A341-2D768CCEEC10}"
EndProject
Project("{9A19103F-16F7-4668-BE54-9A1E7A4F7556}") = "QuantConnect.TradeStationBrokerage.Tests", "QuantConnect.TradeStationBrokerage.Tests\QuantConnect.TradeStationBrokerage.Tests.csproj", "{8793CDDF-3348-473F-98AF-68C6EBFA5014}"
EndProject
Project("{9A19103F-16F7-4668-BE54-9A1E7A4F7556}") = "QuantConnect.Tests", "..\Lean\Tests\QuantConnect.Tests.csproj", "{08716CBB-056E-4FFC-A392-72EA87952241}"
EndProject
Project("{9A19103F-16F7-4668-BE54-9A1E7A4F7556}") = "QuantConnect", "..\Lean\Common\QuantConnect.csproj", "{DE159A54-7C8F-4B7C-94D5-6D0AA195009C}"
EndProject
Project("{9A19103F-16F7-4668-BE54-9A1E7A4F7556}") = "QuantConnect.Brokerages", "..\Lean\Brokerages\QuantConnect.Brokerages.csproj", "{B1C8A8F8-489B-4283-AEED-ADF969775442}"
EndProject
Global
	GlobalSection(SolutionConfigurationPlatforms) = preSolution
		Debug|Any CPU = Debug|Any CPU
		Release|Any CPU = Release|Any CPU
	EndGlobalSection
	GlobalSection(ProjectConfigurationPlatforms) = postSolution
		{7C447DDD-D30D-46C3-A341-2D768CCEEC10}.Debug|Any CPU.ActiveCfg = Debug|Any CPU
		{7C447DDD-D30D-46C3-A341-2D768CCEEC10}.Debug|Any CPU.Build.0 = Debug|Any CPU
		{7C447DDD-D30D-46C3-A341-2D768CCEEC10}.Release|Any CPU.ActiveCfg = Release|Any CPU
		{7C447DDD-D30D-46C3-A341-2D768CCEEC10}.Release|Any CPU.Build.0 = Release|Any CPU
		{8793CDDF-3348-473F-98AF-68C6EBFA5014}.Debug|Any CPU.ActiveCfg = Debug|Any CPU
		{8793CDDF-3348-473F-98AF-68C6EBFA5014}.Debug|Any CPU.Build.0 = Debug|Any CPU
		{8793CDDF-3348-473F-98AF-68C6EBFA5014}.Release|Any CPU.ActiveCfg = Release|Any CPU
		{8793CDDF-3348-473F-98AF-68C6EBFA5014}.Release|Any CPU.Build.0 = Release|Any CPU
		{08716CBB-056E-4FFC-A392-72EA87952241}.Debug|Any CPU.ActiveCfg = Debug|Any CPU
		{08716CBB-056E-4FFC-A392-72EA87952241}.Debug|Any CPU.Build.0 = Debug|Any CPU
		{08716CBB-056E-4FFC-A392-72EA87952241}.Release|Any CPU.ActiveCfg = Release|Any CPU
		{08716CBB-056E-4FFC-A392-72EA87952241}.Release|Any CPU.Build.0 = Release|Any CPU
		{DE159A54-7C8F-4B7C-94D5-6D0AA195009C}.Debug|Any CPU.ActiveCfg = Debug|Any CPU
		{DE159A54-7C8F-4B7C-94D5-6D0AA195009C}.Debug|Any CPU.Build.0 = Debug|Any CPU
		{DE159A54-7C8F-4B7C-94D5-6D0AA195009C}.Release|Any CPU.ActiveCfg = Release|Any CPU
		{DE159A54-7C8F-4B7C-94D5-6D0AA195009C}.Release|Any CPU.Build.0 = Release|Any CPU
		{B1C8A8F8-489B-4283-AEED-ADF969775442}.Debug|Any CPU.ActiveCfg = Debug|Any CPU
		{B1C8A8F8-489B-4283-AEED-ADF969775442}.Debug|Any CPU.Build.0 = Debug|Any CPU
		{B1C8A8F8-489B-4283-AEED-ADF969775442}.Release|Any CPU.ActiveCfg = Release|Any CPU
		{B1C8A8F8-489B-4283-AEED-ADF969775442}.Release|Any CPU.Build.0 = Release|Any CPU
	EndGlobalSection
	GlobalSection(SolutionProperties) = preSolution
		HideSolutionNode = FALSE
	EndGlobalSection
	GlobalSection(ExtensibilityGlobals) = postSolution
		SolutionGuid = {61010DD6-6D0C-4324-8137-1EDF35F16864}
	EndGlobalSection
EndGlobal
